Microsoft Visual Studio Solution File, Format Version 12.00
# Visual Studio Version 17
VisualStudioVersion = 17.6.33712.159
MinimumVisualStudioVersion = 10.0.40219.1
Project("{9A19103F-16F7-4668-BE54-9A1E7A4F7556}") = "TinyPNG", "src\TinyPNG\TinyPNG.csproj", "{52901FDB-68CE-4192-8B2B-3BD1773261F3}"
EndProject
Project("{9A19103F-16F7-4668-BE54-9A1E7A4F7556}") = "TinyPng.Tests", "tests\TinyPng.Tests\TinyPng.Tests.csproj", "{DBA34C0E-C2A8-4D42-8770-FADC6251E93D}"
EndProject
Project("{2150E333-8FDC-42A3-9474-1A3956D46DE8}") = "Solution Items", "Solution Items", "{466E1CAF-57A2-4370-91C7-455AAC8E4D2E}"
	ProjectSection(SolutionItems) = preProject
		.gitignore = .gitignore
		.github\workflows\main.yml = .github\workflows\main.yml
		README.md = README.md
	EndProjectSection
EndProject
Project("{FAE04EC0-301F-11D3-BF4B-00C04F79EFBC}") = "TinyPNG.Samples", "src\TinyPNG.Samples\TinyPNG.Samples.csproj", "{F4BE9305-126D-49CF-830F-E840A337EF13}"
EndProject
Global
	GlobalSection(SolutionConfigurationPlatforms) = preSolution
		Debug|Any CPU = Debug|Any CPU
		Release|Any CPU = Release|Any CPU
	EndGlobalSection
	GlobalSection(ProjectConfigurationPlatforms) = postSolution
		{52901FDB-68CE-4192-8B2B-3BD1773261F3}.Debug|Any CPU.ActiveCfg = Debug|Any CPU
		{52901FDB-68CE-4192-8B2B-3BD1773261F3}.Debug|Any CPU.Build.0 = Debug|Any CPU
		{52901FDB-68CE-4192-8B2B-3BD1773261F3}.Release|Any CPU.ActiveCfg = Release|Any CPU
		{52901FDB-68CE-4192-8B2B-3BD1773261F3}.Release|Any CPU.Build.0 = Release|Any CPU
		{DBA34C0E-C2A8-4D42-8770-FADC6251E93D}.Debug|Any CPU.ActiveCfg = Debug|Any CPU
		{DBA34C0E-C2A8-4D42-8770-FADC6251E93D}.Debug|Any CPU.Build.0 = Debug|Any CPU
		{DBA34C0E-C2A8-4D42-8770-FADC6251E93D}.Release|Any CPU.ActiveCfg = Release|Any CPU
		{DBA34C0E-C2A8-4D42-8770-FADC6251E93D}.Release|Any CPU.Build.0 = Release|Any CPU
		{F4BE9305-126D-49CF-830F-E840A337EF13}.Debug|Any CPU.ActiveCfg = Debug|Any CPU
		{F4BE9305-126D-49CF-830F-E840A337EF13}.Debug|Any CPU.Build.0 = Debug|Any CPU
		{F4BE9305-126D-49CF-830F-E840A337EF13}.Release|Any CPU.ActiveCfg = Release|Any CPU
		{F4BE9305-126D-49CF-830F-E840A337EF13}.Release|Any CPU.Build.0 = Release|Any CPU
	EndGlobalSection
	GlobalSection(SolutionProperties) = preSolution
		HideSolutionNode = FALSE
	EndGlobalSection
	GlobalSection(ExtensibilityGlobals) = postSolution
		SolutionGuid = {54A4A777-ED82-4D34-A6E1-AACC3E946A40}
	EndGlobalSection
EndGlobal
